
Microsoft Visual Studio Solution File, Format Version 12.00
# Visual Studio Version 16
VisualStudioVersion = 16.0.28729.10
MinimumVisualStudioVersion = 10.0.40219.1
Project("{8BC9CEB8-8B4A-11D0-8D11-00A0C91BC942}") = "Blastn", "Blastn.vcxproj", "{CD2DD2E4-D895-49CD-A96B-21FE4C20F494}"
EndProject
Global
	GlobalSection(SolutionConfigurationPlatforms) = preSolution
		Debug|x64 = Debug|x64
		Debug|x86 = Debug|x86
		Release|x64 = Release|x64
		Release|x86 = Release|x86
	EndGlobalSection
	GlobalSection(ProjectConfigurationPlatforms) = postSolution
		{CD2DD2E4-D895-49CD-A96B-21FE4C20F494}.Debug|x64.ActiveCfg = Debug|x64
		{CD2DD2E4-D895-49CD-A96B-21FE4C20F494}.Debug|x64.Build.0 = Debug|x64
		{CD2DD2E4-D895-49CD-A96B-21FE4C20F494}.Debug|x86.ActiveCfg = Debug|Win32
		{CD2DD2E4-D895-49CD-A96B-21FE4C20F494}.Debug|x86.Build.0 = Debug|Win32
		{CD2DD2E4-D895-49CD-A96B-21FE4C20F494}.Release|x64.ActiveCfg = Release|x64
		{CD2DD2E4-D895-49CD-A96B-21FE4C20F494}.Release|x64.Build.0 = Release|x64
		{CD2DD2E4-D895-49CD-A96B-21FE4C20F494}.Release|x86.ActiveCfg = Release|Win32
		{CD2DD2E4-D895-49CD-A96B-21FE4C20F494}.Release|x86.Build.0 = Release|Win32
	EndGlobalSection
	GlobalSection(SolutionProperties) = preSolution
		HideSolutionNode = FALSE
	EndGlobalSection
	GlobalSection(ExtensibilityGlobals) = postSolution
		SolutionGuid = {A6CD43C5-54BD-4962-B697-83349074F4BC}
	EndGlobalSection
EndGlobal
